PODS:
  - FMDB (2.7.5):
    - FMDB/standard (= 2.7.5)
  - FMDB/standard (2.7.5)
  - XWDatabase (1.2.2):
    - FMDB

DEPENDENCIES:
  - XWDatabase (from `../`)

SPEC REPOS:
  https://github.com/cocoapods/specs.git:
    - FMDB

EXTERNAL SOURCES:
  XWDatabase:
    :path: "../"

SPEC CHECKSUMS:
  FMDB: 2ce00b547f966261cd18927a3ddb07cb6f3db82a
  XWDatabase: 538a3c6c0905c0c5cbe52897fa003bb689c5f286

PODFILE CHECKSUM: b70233fb56a4a47f18e103190428d4c38af38bfb

COCOAPODS: 1.7.0.rc.1
